
Microsoft Visual Studio Solution File, Format Version 12.00
# Visual Studio 14
VisualStudioVersion = 14.0.25420.1
MinimumVisualStudioVersion = 10.0.40219.1
Project("{FAE04EC0-301F-11D3-BF4B-00C04F79EFBC}") = "GameOfLife", "GameOfLife\GameOfLife.csproj", "{3E99DF2D-E044-4B7C-84B2-0655BDCC3709}"
EndProject
Project("{FAE04EC0-301F-11D3-BF4B-00C04F79EFBC}") = "GameOfLife.Tests", "GameOfLife.Tests\GameOfLife.Tests.csproj", "{2DE4290D-C0A0-4262-9E92-6030C30C707A}"
EndProject
Project("{FAE04EC0-301F-11D3-BF4B-00C04F79EFBC}") = "GameOfLife.Server", "GameOfLife.Server\GameOfLife.Server.csproj", "{A8F32DF5-48FA-42EC-B314-1987D15A6A96}"
EndProject
Global
	GlobalSection(SolutionConfigurationPlatforms) = preSolution
		Debug|Any CPU = Debug|Any CPU
		Release|Any CPU = Release|Any CPU
	EndGlobalSection
	GlobalSection(ProjectConfigurationPlatforms) = postSolution
		{3E99DF2D-E044-4B7C-84B2-0655BDCC3709}.Debug|Any CPU.ActiveCfg = Debug|Any CPU
		{3E99DF2D-E044-4B7C-84B2-0655BDCC3709}.Debug|Any CPU.Build.0 = Debug|Any CPU
		{3E99DF2D-E044-4B7C-84B2-0655BDCC3709}.Release|Any CPU.ActiveCfg = Release|Any CPU
		{3E99DF2D-E044-4B7C-84B2-0655BDCC3709}.Release|Any CPU.Build.0 = Release|Any CPU
		{2DE4290D-C0A0-4262-9E92-6030C30C707A}.Debug|Any CPU.ActiveCfg = Debug|Any CPU
		{2DE4290D-C0A0-4262-9E92-6030C30C707A}.Debug|Any CPU.Build.0 = Debug|Any CPU
		{2DE4290D-C0A0-4262-9E92-6030C30C707A}.Release|Any CPU.ActiveCfg = Release|Any CPU
		{2DE4290D-C0A0-4262-9E92-6030C30C707A}.Release|Any CPU.Build.0 = Release|Any CPU
		{A8F32DF5-48FA-42EC-B314-1987D15A6A96}.Debug|Any CPU.ActiveCfg = Debug|Any CPU
		{A8F32DF5-48FA-42EC-B314-1987D15A6A96}.Debug|Any CPU.Build.0 = Debug|Any CPU
		{A8F32DF5-48FA-42EC-B314-1987D15A6A96}.Release|Any CPU.ActiveCfg = Release|Any CPU
		{A8F32DF5-48FA-42EC-B314-1987D15A6A96}.Release|Any CPU.Build.0 = Release|Any CPU
	EndGlobalSection
	GlobalSection(SolutionProperties) = preSolution
		HideSolutionNode = FALSE
	EndGlobalSection
EndGlobal
